
Microsoft Visual Studio Solution File, Format Version 12.00
# Visual Studio Version 17
VisualStudioVersion = 17.10.34928.147
MinimumVisualStudioVersion = 10.0.40219.1
Project("{FAE04EC0-301F-11D3-BF4B-00C04F79EFBC}") = "gameofwords.common", "gameofwords.common.csproj", "{BD5B3DC0-E087-4DFF-933C-31E4F73CD013}"
EndProject
Global
	GlobalSection(SolutionConfigurationPlatforms) = preSolution
		Debug|Any CPU = Debug|Any CPU
		Release|Any CPU = Release|Any CPU
	EndGlobalSection
	GlobalSection(ProjectConfigurationPlatforms) = postSolution
		{BD5B3DC0-E087-4DFF-933C-31E4F73CD013}.Debug|Any CPU.ActiveCfg = Debug|Any CPU
		{BD5B3DC0-E087-4DFF-933C-31E4F73CD013}.Debug|Any CPU.Build.0 = Debug|Any CPU
		{BD5B3DC0-E087-4DFF-933C-31E4F73CD013}.Release|Any CPU.ActiveCfg = Release|Any CPU
		{BD5B3DC0-E087-4DFF-933C-31E4F73CD013}.Release|Any CPU.Build.0 = Release|Any CPU
	EndGlobalSection
	GlobalSection(SolutionProperties) = preSolution
		HideSolutionNode = FALSE
	EndGlobalSection
	GlobalSection(ExtensibilityGlobals) = postSolution
		SolutionGuid = {0796422D-93AE-4730-BD7C-DFFA6DB07F25}
	EndGlobalSection
EndGlobal
